{
  "name": "@reso/dd-tools",
  "version": "0.0.0",
  "lockfileVersion": 3,
  "requires": true,
  "packages": {
    "": {
      "name": "@reso/dd-tools",
      "version": "0.0.0",
      "dependencies": {
        "@reso-standards/reso-common": "0.1.2"
      }
    },
    "node_modules/@reso-standards/reso-common": {
      "version": "0.1.2",
      "resolved": "https://registry.npmjs.org/@reso-standards/reso-common/-/reso-common-0.1.2.tgz",
      "integrity": "sha512-C47y2fxm9ECXC1q5Psl+dmPjoIaTVeXNye4vFChE23Xw5PaHshJvJKXT00sR/vii31acUBhjv98+fdRSsI1FkA==",
      "license": "SEE LICENSE IN LICENSE",
      "engines": {
        "node": ">=22"
      }
    }
  }
}
